Microsoft Visual Studio Solution File, Format Version 11.00
# Visual Studio 2008

Project("{F9ADAB50-35DD-A749-B15A-E431FB9DE8CB}") = "Fotodetetive", "Assembly-CSharp.csproj", "{8A754625-D0BA-827E-7B3C-4755599A60A9}"
EndProject
Global
	GlobalSection(SolutionConfigurationPlatforms) = preSolution
		Debug|Any CPU = Debug|Any CPU
		Release|Any CPU = Release|Any CPU
	EndGlobalSection
	GlobalSection(ProjectConfigurationPlatforms) = postSolution
		{8A754625-D0BA-827E-7B3C-4755599A60A9}.Debug|Any CPU.ActiveCfg = Debug|Any CPU
		{8A754625-D0BA-827E-7B3C-4755599A60A9}.Debug|Any CPU.Build.0 = Debug|Any CPU
		{8A754625-D0BA-827E-7B3C-4755599A60A9}.Release|Any CPU.ActiveCfg = Release|Any CPU
		{8A754625-D0BA-827E-7B3C-4755599A60A9}.Release|Any CPU.Build.0 = Release|Any CPU
	EndGlobalSection
	GlobalSection(SolutionProperties) = preSolution
		HideSolutionNode = FALSE
	EndGlobalSection
	GlobalSection(MonoDevelopProperties) = preSolution
		StartupItem = Assembly-CSharp.csproj
	EndGlobalSection
EndGlobal
